
Microsoft Visual Studio Solution File, Format Version 12.00
# Visual Studio Version 16
VisualStudioVersion = 16.0.31112.23
MinimumVisualStudioVersion = 10.0.40219.1
Project("{9A19103F-16F7-4668-BE54-9A1E7A4F7556}") = "ThirdVendingWebApi", "ThirdVendingWebApi\ThirdVendingWebApi.csproj", "{7EA353E8-CB10-422E-8754-CABEC002769F}"
EndProject
Project("{9A19103F-16F7-4668-BE54-9A1E7A4F7556}") = "DeviceDbModel", "DeviceDbModel\DeviceDbModel.csproj", "{D162BB8D-3635-475D-9E54-F2243D8BA40D}"
EndProject
Project("{FAE04EC0-301F-11D3-BF4B-00C04F79EFBC}") = "CommonVending", "CommonVending\CommonVending.csproj", "{1B42E03D-FE39-4B9D-99EB-892815F3D395}"
EndProject
Global
	GlobalSection(SolutionConfigurationPlatforms) = preSolution
		Debug|Any CPU = Debug|Any CPU
		Release|Any CPU = Release|Any CPU
	EndGlobalSection
	GlobalSection(ProjectConfigurationPlatforms) = postSolution
		{7EA353E8-CB10-422E-8754-CABEC002769F}.Debug|Any CPU.ActiveCfg = Debug|Any CPU
		{7EA353E8-CB10-422E-8754-CABEC002769F}.Debug|Any CPU.Build.0 = Debug|Any CPU
		{7EA353E8-CB10-422E-8754-CABEC002769F}.Release|Any CPU.ActiveCfg = Release|Any CPU
		{7EA353E8-CB10-422E-8754-CABEC002769F}.Release|Any CPU.Build.0 = Release|Any CPU
		{D162BB8D-3635-475D-9E54-F2243D8BA40D}.Debug|Any CPU.ActiveCfg = Debug|Any CPU
		{D162BB8D-3635-475D-9E54-F2243D8BA40D}.Debug|Any CPU.Build.0 = Debug|Any CPU
		{D162BB8D-3635-475D-9E54-F2243D8BA40D}.Release|Any CPU.ActiveCfg = Release|Any CPU
		{D162BB8D-3635-475D-9E54-F2243D8BA40D}.Release|Any CPU.Build.0 = Release|Any CPU
		{1B42E03D-FE39-4B9D-99EB-892815F3D395}.Debug|Any CPU.ActiveCfg = Debug|Any CPU
		{1B42E03D-FE39-4B9D-99EB-892815F3D395}.Debug|Any CPU.Build.0 = Debug|Any CPU
		{1B42E03D-FE39-4B9D-99EB-892815F3D395}.Release|Any CPU.ActiveCfg = Release|Any CPU
		{1B42E03D-FE39-4B9D-99EB-892815F3D395}.Release|Any CPU.Build.0 = Release|Any CPU
	EndGlobalSection
	GlobalSection(SolutionProperties) = preSolution
		HideSolutionNode = FALSE
	EndGlobalSection
	GlobalSection(ExtensibilityGlobals) = postSolution
		SolutionGuid = {C29119D6-549A-4BC9-9F5E-2FDD74E841D0}
	EndGlobalSection
EndGlobal
